
Microsoft Visual Studio Solution File, Format Version 12.00
# Visual Studio Version 17
VisualStudioVersion = 17.14.36401.2 d17.14
MinimumVisualStudioVersion = 10.0.40219.1
Project("{2150E333-8FDC-42A3-9474-1A3956D46DE8}") = "OrganizadorCampeonato.API", "OrganizadorCampeonato.API", "{02EA681E-C7D8-13C7-8484-4AC65E1B71E8}"
EndProject
Project("{2150E333-8FDC-42A3-9474-1A3956D46DE8}") = "OrganizadorCampeonato.Dominio", "OrganizadorCampeonato.Dominio", "{C87D9E06-4B59-42AD-8F66-9F2F4FD273F9}"
EndProject
Project("{2150E333-8FDC-42A3-9474-1A3956D46DE8}") = "OrganizadorCampeonato.Infraestructura", "OrganizadorCampeonato.Infraestructura", "{CB700C1C-7821-47D5-9AF8-ADD42619ACC3}"
EndProject
Project("{2150E333-8FDC-42A3-9474-1A3956D46DE8}") = "OrganizadorCampeonato.Aplicacion", "OrganizadorCampeonato.Aplicacion", "{F1188637-0897-468D-8DAA-69FBC2B27502}"
EndProject
Project("{FAE04EC0-301F-11D3-BF4B-00C04F79EFBC}") = "OrganizadorCampeonato", "OrganizadorCampeonato\OrganizadorCampeonato.csproj", "{C7C7D90F-BE75-4F27-9382-ADBC6DF6B0DC}"
EndProject
Global
	GlobalSection(SolutionConfigurationPlatforms) = preSolution
		Debug|Any CPU = Debug|Any CPU
		Release|Any CPU = Release|Any CPU
	EndGlobalSection
	GlobalSection(ProjectConfigurationPlatforms) = postSolution
		{C7C7D90F-BE75-4F27-9382-ADBC6DF6B0DC}.Debug|Any CPU.ActiveCfg = Debug|Any CPU
		{C7C7D90F-BE75-4F27-9382-ADBC6DF6B0DC}.Debug|Any CPU.Build.0 = Debug|Any CPU
		{C7C7D90F-BE75-4F27-9382-ADBC6DF6B0DC}.Release|Any CPU.ActiveCfg = Release|Any CPU
		{C7C7D90F-BE75-4F27-9382-ADBC6DF6B0DC}.Release|Any CPU.Build.0 = Release|Any CPU
	EndGlobalSection
	GlobalSection(SolutionProperties) = preSolution
		HideSolutionNode = FALSE
	EndGlobalSection
	GlobalSection(NestedProjects) = preSolution
		{C7C7D90F-BE75-4F27-9382-ADBC6DF6B0DC} = {02EA681E-C7D8-13C7-8484-4AC65E1B71E8}
	EndGlobalSection
	GlobalSection(ExtensibilityGlobals) = postSolution
		SolutionGuid = {1F20F290-4073-4942-9828-A2B5C6371421}
	EndGlobalSection
EndGlobal
